
Microsoft Visual Studio Solution File, Format Version 12.00
# Visual Studio Version 17
VisualStudioVersion = 17.10.35013.160
MinimumVisualStudioVersion = 10.0.40219.1
Project("{FAE04EC0-301F-11D3-BF4B-00C04F79EFBC}") = "imperative_example", "imperative_example\imperative_example.csproj", "{6C24F7D7-8E56-4A65-8863-3F88A370CD82}"
EndProject
Project("{FAE04EC0-301F-11D3-BF4B-00C04F79EFBC}") = "tests", "imperative_tests\tests.csproj", "{C23276C5-355A-4CD2-83FD-11E90EE0E6D6}"
EndProject
Project("{FAE04EC0-301F-11D3-BF4B-00C04F79EFBC}") = "functional_example", "functional_example\functional_example.csproj", "{AEC567FE-47E8-4984-9C3C-908B7CB37F30}"
EndProject
Project("{FAE04EC0-301F-11D3-BF4B-00C04F79EFBC}") = "Common", "Common\Common.csproj", "{736F94B7-FA38-4AB8-912F-D9B2E79CBDAD}"
EndProject
Global
	GlobalSection(SolutionConfigurationPlatforms) = preSolution
		Debug|Any CPU = Debug|Any CPU
		Release|Any CPU = Release|Any CPU
	EndGlobalSection
	GlobalSection(ProjectConfigurationPlatforms) = postSolution
		{6C24F7D7-8E56-4A65-8863-3F88A370CD82}.Debug|Any CPU.ActiveCfg = Debug|Any CPU
		{6C24F7D7-8E56-4A65-8863-3F88A370CD82}.Debug|Any CPU.Build.0 = Debug|Any CPU
		{6C24F7D7-8E56-4A65-8863-3F88A370CD82}.Release|Any CPU.ActiveCfg = Release|Any CPU
		{6C24F7D7-8E56-4A65-8863-3F88A370CD82}.Release|Any CPU.Build.0 = Release|Any CPU
		{C23276C5-355A-4CD2-83FD-11E90EE0E6D6}.Debug|Any CPU.ActiveCfg = Debug|Any CPU
		{C23276C5-355A-4CD2-83FD-11E90EE0E6D6}.Debug|Any CPU.Build.0 = Debug|Any CPU
		{C23276C5-355A-4CD2-83FD-11E90EE0E6D6}.Release|Any CPU.ActiveCfg = Release|Any CPU
		{C23276C5-355A-4CD2-83FD-11E90EE0E6D6}.Release|Any CPU.Build.0 = Release|Any CPU
		{AEC567FE-47E8-4984-9C3C-908B7CB37F30}.Debug|Any CPU.ActiveCfg = Debug|Any CPU
		{AEC567FE-47E8-4984-9C3C-908B7CB37F30}.Debug|Any CPU.Build.0 = Debug|Any CPU
		{AEC567FE-47E8-4984-9C3C-908B7CB37F30}.Release|Any CPU.ActiveCfg = Release|Any CPU
		{AEC567FE-47E8-4984-9C3C-908B7CB37F30}.Release|Any CPU.Build.0 = Release|Any CPU
		{736F94B7-FA38-4AB8-912F-D9B2E79CBDAD}.Debug|Any CPU.ActiveCfg = Debug|Any CPU
		{736F94B7-FA38-4AB8-912F-D9B2E79CBDAD}.Debug|Any CPU.Build.0 = Debug|Any CPU
		{736F94B7-FA38-4AB8-912F-D9B2E79CBDAD}.Release|Any CPU.ActiveCfg = Release|Any CPU
		{736F94B7-FA38-4AB8-912F-D9B2E79CBDAD}.Release|Any CPU.Build.0 = Release|Any CPU
	EndGlobalSection
	GlobalSection(SolutionProperties) = preSolution
		HideSolutionNode = FALSE
	EndGlobalSection
	GlobalSection(ExtensibilityGlobals) = postSolution
		SolutionGuid = {0E7F2248-00B3-4328-A3DA-96FFC7014967}
	EndGlobalSection
EndGlobal
